
Microsoft Visual Studio Solution File, Format Version 12.00
# Visual Studio Version 16
VisualStudioVersion = 16.6.30114.105
MinimumVisualStudioVersion = 10.0.40219.1
Project("{FAE04EC0-301F-11D3-BF4B-00C04F79EFBC}") = "R5T.D0091.Construction", "R5T.D0091.Construction\R5T.D0091.Construction.csproj", "{4E6942A2-0068-4FE4-B1DB-67C4C748EA0E}"
EndProject
Project("{FAE04EC0-301F-11D3-BF4B-00C04F79EFBC}") = "R5T.D0091.Base", "R5T.D0091.Base\R5T.D0091.Base.csproj", "{D6544F4C-8038-4DCD-BF1A-B5BF6401AD7E}"
EndProject
Global
	GlobalSection(SolutionConfigurationPlatforms) = preSolution
		Debug|Any CPU = Debug|Any CPU
		Debug|x64 = Debug|x64
		Debug|x86 = Debug|x86
		Release|Any CPU = Release|Any CPU
		Release|x64 = Release|x64
		Release|x86 = Release|x86
	EndGlobalSection
	GlobalSection(SolutionProperties) = preSolution
		HideSolutionNode = FALSE
	EndGlobalSection
	GlobalSection(ProjectConfigurationPlatforms) = postSolution
		{4E6942A2-0068-4FE4-B1DB-67C4C748EA0E}.Debug|Any CPU.ActiveCfg = Debug|Any CPU
		{4E6942A2-0068-4FE4-B1DB-67C4C748EA0E}.Debug|Any CPU.Build.0 = Debug|Any CPU
		{4E6942A2-0068-4FE4-B1DB-67C4C748EA0E}.Debug|x64.ActiveCfg = Debug|Any CPU
		{4E6942A2-0068-4FE4-B1DB-67C4C748EA0E}.Debug|x64.Build.0 = Debug|Any CPU
		{4E6942A2-0068-4FE4-B1DB-67C4C748EA0E}.Debug|x86.ActiveCfg = Debug|Any CPU
		{4E6942A2-0068-4FE4-B1DB-67C4C748EA0E}.Debug|x86.Build.0 = Debug|Any CPU
		{4E6942A2-0068-4FE4-B1DB-67C4C748EA0E}.Release|Any CPU.ActiveCfg = Release|Any CPU
		{4E6942A2-0068-4FE4-B1DB-67C4C748EA0E}.Release|Any CPU.Build.0 = Release|Any CPU
		{4E6942A2-0068-4FE4-B1DB-67C4C748EA0E}.Release|x64.ActiveCfg = Release|Any CPU
		{4E6942A2-0068-4FE4-B1DB-67C4C748EA0E}.Release|x64.Build.0 = Release|Any CPU
		{4E6942A2-0068-4FE4-B1DB-67C4C748EA0E}.Release|x86.ActiveCfg = Release|Any CPU
		{4E6942A2-0068-4FE4-B1DB-67C4C748EA0E}.Release|x86.Build.0 = Release|Any CPU
		{D6544F4C-8038-4DCD-BF1A-B5BF6401AD7E}.Debug|Any CPU.ActiveCfg = Debug|Any CPU
		{D6544F4C-8038-4DCD-BF1A-B5BF6401AD7E}.Debug|Any CPU.Build.0 = Debug|Any CPU
		{D6544F4C-8038-4DCD-BF1A-B5BF6401AD7E}.Debug|x64.ActiveCfg = Debug|Any CPU
		{D6544F4C-8038-4DCD-BF1A-B5BF6401AD7E}.Debug|x64.Build.0 = Debug|Any CPU
		{D6544F4C-8038-4DCD-BF1A-B5BF6401AD7E}.Debug|x86.ActiveCfg = Debug|Any CPU
		{D6544F4C-8038-4DCD-BF1A-B5BF6401AD7E}.Debug|x86.Build.0 = Debug|Any CPU
		{D6544F4C-8038-4DCD-BF1A-B5BF6401AD7E}.Release|Any CPU.ActiveCfg = Release|Any CPU
		{D6544F4C-8038-4DCD-BF1A-B5BF6401AD7E}.Release|Any CPU.Build.0 = Release|Any CPU
		{D6544F4C-8038-4DCD-BF1A-B5BF6401AD7E}.Release|x64.ActiveCfg = Release|Any CPU
		{D6544F4C-8038-4DCD-BF1A-B5BF6401AD7E}.Release|x64.Build.0 = Release|Any CPU
		{D6544F4C-8038-4DCD-BF1A-B5BF6401AD7E}.Release|x86.ActiveCfg = Release|Any CPU
		{D6544F4C-8038-4DCD-BF1A-B5BF6401AD7E}.Release|x86.Build.0 = Release|Any CPU
	EndGlobalSection
EndGlobal
